schema: '2.0'
stages:
  prepare_base_model:
    cmd: python src/cnnClassifier/pipeline/stage_02_prepare_base_model.py
    deps:
    - path: config/config.yaml
      md5: 6a48da9b009e5df99044168de3f5c17b
      size: 806
    - path: src/cnnClassifier/pipeline/stage_02_prepare_base_model.py
      md5: 3b210fe39030131d103a81163c3e3038
      size: 997
    params:
      params.yaml:
        CLASSES: 2
        IMAGE_SIZE:
        - 224
        - 224
        - 3
        INCLUDE_TOP: false
        LEARNING_RATE: 0.01
        WEIGHTS: imagenet
    outs:
    - path: artifacts/prepare_base_model
      md5: 9d888eee3b23e18cc329e9c88a11b0f9.dir
      size: 118054560
      nfiles: 2
  data_ingestion:
    cmd: python src/cnnClassifier/pipeline/stage_01_data_ingestion.py
    deps:
    - path: config/config.yaml
      md5: 6a48da9b009e5df99044168de3f5c17b
      size: 806
    - path: src/cnnClassifier/pipeline/stage_01_data_ingestion.py
      md5: 5e7960f6d0194d30b3b65026a671513f
      size: 982
    outs:
    - path: artifacts/data_ingestion/Chicken-fecal-images
      md5: 9e1f8dd2eae3c29e9d635df89d438ae4.dir
      size: 12207807
      nfiles: 390
  training:
    cmd: python src/cnnClassifier/pipeline/stage_03_training.py
    deps:
    - path: artifacts/data_ingestion/Chicken-fecal-images
      md5: 9e1f8dd2eae3c29e9d635df89d438ae4.dir
      size: 12207807
      nfiles: 390
    - path: artifacts/prepare_base_model
      md5: 9d888eee3b23e18cc329e9c88a11b0f9.dir
      size: 118054560
      nfiles: 2
    - path: config/config.yaml
      md5: 6a48da9b009e5df99044168de3f5c17b
      size: 806
    - path: src/cnnClassifier/components/prepare_callbacks.py
      md5: 752c190c4d19456c10947629cd3bd39d
      size: 1008
    - path: src/cnnClassifier/pipeline/stage_03_training.py
      md5: 755837cd21710e7a8e748eee87703034
      size: 1266
    params:
      params.yaml:
        AUGMENTATION: true
        BATCH_SIZE: 16
        EPOCHS: 3
        IMAGE_SIZE:
        - 224
        - 224
        - 3
    outs:
    - path: artifacts/training/model.h5
      md5: eb43686985ba1b5e1634b5607bafed60
      size: 59337520
  evaluation:
    cmd: python src/cnnClassifier/pipeline/stage_04_evaluation.py
    deps:
    - path: artifacts/data_ingestion/Chicken-fecal-images
      md5: 9e1f8dd2eae3c29e9d635df89d438ae4.dir
      size: 12207807
      nfiles: 390
    - path: artifacts/training/model.h5
      md5: eb43686985ba1b5e1634b5607bafed60
      size: 59337520
    - path: config/config.yaml
      md5: 6a48da9b009e5df99044168de3f5c17b
      size: 806
    - path: src/cnnClassifier/pipeline/stage_04_evaluation.py
      md5: 66a2ec96bccfd0f56597462ebd711819
      size: 883
    params:
      params.yaml:
        BATCH_SIZE: 16
        IMAGE_SIZE:
        - 224
        - 224
        - 3
    outs:
    - path: scores.json
      md5: 16c651d932ce2bbc7dffa2d28f2d5da7
      size: 73
